
Microsoft Visual Studio Solution File, Format Version 12.00
# Visual Studio Version 17
VisualStudioVersion = 17.13.35913.81 d17.13
MinimumVisualStudioVersion = 10.0.40219.1
Project("{FAE04EC0-301F-11D3-BF4B-00C04F79EFBC}") = "AE.AE_1", "AE.AE_1\AE.AE_1.csproj", "{B2DD0A56-1F83-46A0-968E-7F6C0BFC7599}"
EndProject
Global
	GlobalSection(SolutionConfigurationPlatforms) = preSolution
		Debug|Any CPU = Debug|Any CPU
		Release|Any CPU = Release|Any CPU
	EndGlobalSection
	GlobalSection(ProjectConfigurationPlatforms) = postSolution
		{B2DD0A56-1F83-46A0-968E-7F6C0BFC7599}.Debug|Any CPU.ActiveCfg = Debug|Any CPU
		{B2DD0A56-1F83-46A0-968E-7F6C0BFC7599}.Debug|Any CPU.Build.0 = Debug|Any CPU
		{B2DD0A56-1F83-46A0-968E-7F6C0BFC7599}.Release|Any CPU.ActiveCfg = Release|Any CPU
		{B2DD0A56-1F83-46A0-968E-7F6C0BFC7599}.Release|Any CPU.Build.0 = Release|Any CPU
	EndGlobalSection
	GlobalSection(SolutionProperties) = preSolution
		HideSolutionNode = FALSE
	EndGlobalSection
	GlobalSection(ExtensibilityGlobals) = postSolution
		SolutionGuid = {5D23F419-FFAF-4342-A6EE-3AD23C7EEAE0}
	EndGlobalSection
EndGlobal
