
Microsoft Visual Studio Solution File, Format Version 12.00
# Visual Studio Version 17
VisualStudioVersion = 17.13.35913.81
MinimumVisualStudioVersion = 10.0.40219.1
Project("{FAE04EC0-301F-11D3-BF4B-00C04F79EFBC}") = "AE.AE_1", "AE.AE_1\AE.AE_1.csproj", "{B2DD0A56-1F83-46A0-968E-7F6C0BFC7599}"
EndProject
Project("{FAE04EC0-301F-11D3-BF4B-00C04F79EFBC}") = "AE.AE_2", "AE.AE_2\AE.AE_2.csproj", "{60D78782-C258-4368-A2D9-385A1608CA10}"
EndProject
Project("{FAE04EC0-301F-11D3-BF4B-00C04F79EFBC}") = "AE_3.1", "AE_3.1\AE_3.1.csproj", "{45CD8ECE-05B8-4D37-934F-EA924BC232C4}"
EndProject
Project("{FAE04EC0-301F-11D3-BF4B-00C04F79EFBC}") = "AE_2.1", "AE_2.1\AE_2.1.csproj", "{067CC602-C656-44BA-9A9B-4DAE5FD08D80}"
EndProject
Project("{FAE04EC0-301F-11D3-BF4B-00C04F79EFBC}") = "AE_3.2", "AE_3.2\AE_3.2.csproj", "{C0E9728F-94A9-423E-A84C-266F8A3843A8}"
EndProject
Project("{FAE04EC0-301F-11D3-BF4B-00C04F79EFBC}") = "AE_4.1", "AE_4.1\AE_4.1.csproj", "{DF543D5F-4023-4AEF-98DF-174AC49FADD5}"
EndProject
Project("{FAE04EC0-301F-11D3-BF4B-00C04F79EFBC}") = "Notebook.Interfaces", "Notebook.Interfaces\Notebook.Interfaces.csproj", "{AE403C0B-87B4-4F0B-9685-44BBDFFC96A3}"
EndProject
Project("{FAE04EC0-301F-11D3-BF4B-00C04F79EFBC}") = "Notebook.Share", "Notebook.Share\Notebook.Share.csproj", "{482C3F24-7675-4903-AF9C-95717477AFE4}"
EndProject
Project("{FAE04EC0-301F-11D3-BF4B-00C04F79EFBC}") = "AE_4_2_Datenbindungen", "..\AE_Aufgaben\AE_4_2_Datenbindungen.Listensteuerelementen\AE_4_2_Datenbindungen.csproj", "{98B65897-1AE2-26EF-4225-A435086BE43A}"
EndProject
Project("{FAE04EC0-301F-11D3-BF4B-00C04F79EFBC}") = "AE_5_ADO", "..\AE_Aufgaben\AE_5_ADO\AE_5_ADO.csproj", "{6A45D516-8102-32AF-845E-FD709CBCC140}"
EndProject
Global
	GlobalSection(SolutionConfigurationPlatforms) = preSolution
		Debug|Any CPU = Debug|Any CPU
		Release|Any CPU = Release|Any CPU
	EndGlobalSection
	GlobalSection(ProjectConfigurationPlatforms) = postSolution
		{B2DD0A56-1F83-46A0-968E-7F6C0BFC7599}.Debug|Any CPU.ActiveCfg = Debug|Any CPU
		{B2DD0A56-1F83-46A0-968E-7F6C0BFC7599}.Debug|Any CPU.Build.0 = Debug|Any CPU
		{B2DD0A56-1F83-46A0-968E-7F6C0BFC7599}.Release|Any CPU.ActiveCfg = Release|Any CPU
		{B2DD0A56-1F83-46A0-968E-7F6C0BFC7599}.Release|Any CPU.Build.0 = Release|Any CPU
		{60D78782-C258-4368-A2D9-385A1608CA10}.Debug|Any CPU.ActiveCfg = Debug|Any CPU
		{60D78782-C258-4368-A2D9-385A1608CA10}.Debug|Any CPU.Build.0 = Debug|Any CPU
		{60D78782-C258-4368-A2D9-385A1608CA10}.Release|Any CPU.ActiveCfg = Release|Any CPU
		{60D78782-C258-4368-A2D9-385A1608CA10}.Release|Any CPU.Build.0 = Release|Any CPU
		{45CD8ECE-05B8-4D37-934F-EA924BC232C4}.Debug|Any CPU.ActiveCfg = Debug|Any CPU
		{45CD8ECE-05B8-4D37-934F-EA924BC232C4}.Debug|Any CPU.Build.0 = Debug|Any CPU
		{45CD8ECE-05B8-4D37-934F-EA924BC232C4}.Release|Any CPU.ActiveCfg = Release|Any CPU
		{45CD8ECE-05B8-4D37-934F-EA924BC232C4}.Release|Any CPU.Build.0 = Release|Any CPU
		{067CC602-C656-44BA-9A9B-4DAE5FD08D80}.Debug|Any CPU.ActiveCfg = Debug|Any CPU
		{067CC602-C656-44BA-9A9B-4DAE5FD08D80}.Debug|Any CPU.Build.0 = Debug|Any CPU
		{067CC602-C656-44BA-9A9B-4DAE5FD08D80}.Release|Any CPU.ActiveCfg = Release|Any CPU
		{067CC602-C656-44BA-9A9B-4DAE5FD08D80}.Release|Any CPU.Build.0 = Release|Any CPU
		{C0E9728F-94A9-423E-A84C-266F8A3843A8}.Debug|Any CPU.ActiveCfg = Debug|Any CPU
		{C0E9728F-94A9-423E-A84C-266F8A3843A8}.Debug|Any CPU.Build.0 = Debug|Any CPU
		{C0E9728F-94A9-423E-A84C-266F8A3843A8}.Release|Any CPU.ActiveCfg = Release|Any CPU
		{C0E9728F-94A9-423E-A84C-266F8A3843A8}.Release|Any CPU.Build.0 = Release|Any CPU
		{DF543D5F-4023-4AEF-98DF-174AC49FADD5}.Debug|Any CPU.ActiveCfg = Debug|Any CPU
		{DF543D5F-4023-4AEF-98DF-174AC49FADD5}.Debug|Any CPU.Build.0 = Debug|Any CPU
		{DF543D5F-4023-4AEF-98DF-174AC49FADD5}.Release|Any CPU.ActiveCfg = Release|Any CPU
		{DF543D5F-4023-4AEF-98DF-174AC49FADD5}.Release|Any CPU.Build.0 = Release|Any CPU
		{AE403C0B-87B4-4F0B-9685-44BBDFFC96A3}.Debug|Any CPU.ActiveCfg = Debug|Any CPU
		{AE403C0B-87B4-4F0B-9685-44BBDFFC96A3}.Debug|Any CPU.Build.0 = Debug|Any CPU
		{AE403C0B-87B4-4F0B-9685-44BBDFFC96A3}.Release|Any CPU.ActiveCfg = Release|Any CPU
		{AE403C0B-87B4-4F0B-9685-44BBDFFC96A3}.Release|Any CPU.Build.0 = Release|Any CPU
		{482C3F24-7675-4903-AF9C-95717477AFE4}.Debug|Any CPU.ActiveCfg = Debug|Any CPU
		{482C3F24-7675-4903-AF9C-95717477AFE4}.Debug|Any CPU.Build.0 = Debug|Any CPU
		{482C3F24-7675-4903-AF9C-95717477AFE4}.Release|Any CPU.ActiveCfg = Release|Any CPU
		{482C3F24-7675-4903-AF9C-95717477AFE4}.Release|Any CPU.Build.0 = Release|Any CPU
		{98B65897-1AE2-26EF-4225-A435086BE43A}.Debug|Any CPU.ActiveCfg = Debug|Any CPU
		{98B65897-1AE2-26EF-4225-A435086BE43A}.Debug|Any CPU.Build.0 = Debug|Any CPU
		{98B65897-1AE2-26EF-4225-A435086BE43A}.Release|Any CPU.ActiveCfg = Release|Any CPU
		{98B65897-1AE2-26EF-4225-A435086BE43A}.Release|Any CPU.Build.0 = Release|Any CPU
		{6A45D516-8102-32AF-845E-FD709CBCC140}.Debug|Any CPU.ActiveCfg = Debug|Any CPU
		{6A45D516-8102-32AF-845E-FD709CBCC140}.Debug|Any CPU.Build.0 = Debug|Any CPU
		{6A45D516-8102-32AF-845E-FD709CBCC140}.Release|Any CPU.ActiveCfg = Release|Any CPU
		{6A45D516-8102-32AF-845E-FD709CBCC140}.Release|Any CPU.Build.0 = Release|Any CPU
	EndGlobalSection
	GlobalSection(SolutionProperties) = preSolution
		HideSolutionNode = FALSE
	EndGlobalSection
	GlobalSection(ExtensibilityGlobals) = postSolution
		SolutionGuid = {5D23F419-FFAF-4342-A6EE-3AD23C7EEAE0}
	EndGlobalSection
EndGlobal
